Microsoft Visual Studio Solution File, Format Version 12.00
# Visual Studio Version 16
VisualStudioVersion = 16.0.29111.141
MinimumVisualStudioVersion = 10.0.40219.1
Project("{2150E333-8FDC-42A3-9474-1A3956D46DE8}") = "samples", "samples", "{51B0C2C7-732B-4A5C-A4F2-55655D147866}"
EndProject
Project("{9A19103F-16F7-4668-BE54-9A1E7A4F7556}") = "SkiaSharp.Extended.Svg", "source\SkiaSharp.Extended.Svg.csproj", "{5F472166-361D-4D45-84C9-72B8566D03A2}"
EndProject
Project("{2150E333-8FDC-42A3-9474-1A3956D46DE8}") = "Uno", "Uno", "{3D56CB9D-0E9F-470C-AFE0-AA0031804A00}"
EndProject
Project("{D954291E-2A0B-460D-934E-DC6B0785DB48}") = "SkiaSharpUnoDemo.Shared", "SkiaSharpUnoDemo\SkiaSharpUnoDemo.Shared\SkiaSharpUnoDemo.Shared.shproj", "{6279C845-92F8-4333-AB99-3D213163593C}"
EndProject
Project("{FAE04EC0-301F-11D3-BF4B-00C04F79EFBC}") = "SkiaSharpUnoDemo.Droid", "SkiaSharpUnoDemo\SkiaSharpUnoDemo.Droid\SkiaSharpUnoDemo.Droid.csproj", "{EA0F677E-5573-403D-BAF0-1209CB4045DC}"
EndProject
Project("{FAE04EC0-301F-11D3-BF4B-00C04F79EFBC}") = "SkiaSharpUnoDemo.iOS", "SkiaSharpUnoDemo\SkiaSharpUnoDemo.iOS\SkiaSharpUnoDemo.iOS.csproj", "{0EDC1530-A248-4450-BAB4-46EF6CDDA829}"
EndProject
Project("{FAE04EC0-301F-11D3-BF4B-00C04F79EFBC}") = "SkiaSharpUnoDemo.UWP", "SkiaSharpUnoDemo\SkiaSharpUnoDemo.UWP\SkiaSharpUnoDemo.UWP.csproj", "{3750FD93-617B-4A6A-B0B0-540D002AD3D4}"
EndProject
Project("{9A19103F-16F7-4668-BE54-9A1E7A4F7556}") = "SkiaSharpUnoDemo.Wasm", "SkiaSharpUnoDemo\SkiaSharpUnoDemo.Wasm\SkiaSharpUnoDemo.Wasm.csproj", "{861569F7-5174-4042-ABBC-331E29AA3CA9}"
EndProject
Global
	GlobalSection(SharedMSBuildProjectFiles) = preSolution
		SkiaSharpUnoDemo\SkiaSharpUnoDemo.Shared\SkiaSharpUnoDemo.Shared.projitems*{0edc1530-a248-4450-bab4-46ef6cdda829}*SharedItemsImports = 4
		SkiaSharpUnoDemo\SkiaSharpUnoDemo.Shared\SkiaSharpUnoDemo.Shared.projitems*{3750fd93-617b-4a6a-b0b0-540d002ad3d4}*SharedItemsImports = 4
		SkiaSharpUnoDemo\SkiaSharpUnoDemo.Shared\SkiaSharpUnoDemo.Shared.projitems*{6279c845-92f8-4333-ab99-3d213163593c}*SharedItemsImports = 13
		SkiaSharpUnoDemo\SkiaSharpUnoDemo.Shared\SkiaSharpUnoDemo.Shared.projitems*{ea0f677e-5573-403d-baf0-1209cb4045dc}*SharedItemsImports = 4
	EndGlobalSection
	GlobalSection(SolutionConfigurationPlatforms) = preSolution
		Ad-Hoc|Any CPU = Ad-Hoc|Any CPU
		Ad-Hoc|ARM = Ad-Hoc|ARM
		Ad-Hoc|iPhone = Ad-Hoc|iPhone
		Ad-Hoc|iPhoneSimulator = Ad-Hoc|iPhoneSimulator
		Ad-Hoc|x64 = Ad-Hoc|x64
		Ad-Hoc|x86 = Ad-Hoc|x86
		AppStore|Any CPU = AppStore|Any CPU
		AppStore|ARM = AppStore|ARM
		AppStore|iPhone = AppStore|iPhone
		AppStore|iPhoneSimulator = AppStore|iPhoneSimulator
		AppStore|x64 = AppStore|x64
		AppStore|x86 = AppStore|x86
		Debug|Any CPU = Debug|Any CPU
		Debug|ARM = Debug|ARM
		Debug|iPhone = Debug|iPhone
		Debug|iPhoneSimulator = Debug|iPhoneSimulator
		Debug|x64 = Debug|x64
		Debug|x86 = Debug|x86
		Release|Any CPU = Release|Any CPU
		Release|ARM = Release|ARM
		Release|iPhone = Release|iPhone
		Release|iPhoneSimulator = Release|iPhoneSimulator
		Release|x64 = Release|x64
		Release|x86 = Release|x86
	EndGlobalSection
	GlobalSection(ProjectConfigurationPlatforms) = postSolution
		{5F472166-361D-4D45-84C9-72B8566D03A2}.Ad-Hoc|Any CPU.ActiveCfg = Release|Any CPU
		{5F472166-361D-4D45-84C9-72B8566D03A2}.Ad-Hoc|Any CPU.Build.0 = Release|Any CPU
		{5F472166-361D-4D45-84C9-72B8566D03A2}.Ad-Hoc|ARM.ActiveCfg = Release|Any CPU
		{5F472166-361D-4D45-84C9-72B8566D03A2}.Ad-Hoc|ARM.Build.0 = Release|Any CPU
		{5F472166-361D-4D45-84C9-72B8566D03A2}.Ad-Hoc|iPhone.ActiveCfg = Release|Any CPU
		{5F472166-361D-4D45-84C9-72B8566D03A2}.Ad-Hoc|iPhone.Build.0 = Release|Any CPU
		{5F472166-361D-4D45-84C9-72B8566D03A2}.Ad-Hoc|iPhoneSimulator.ActiveCfg = Release|Any CPU
		{5F472166-361D-4D45-84C9-72B8566D03A2}.Ad-Hoc|iPhoneSimulator.Build.0 = Release|Any CPU
		{5F472166-361D-4D45-84C9-72B8566D03A2}.Ad-Hoc|x64.ActiveCfg = Release|Any CPU
		{5F472166-361D-4D45-84C9-72B8566D03A2}.Ad-Hoc|x64.Build.0 = Release|Any CPU
		{5F472166-361D-4D45-84C9-72B8566D03A2}.Ad-Hoc|x86.ActiveCfg = Release|Any CPU
		{5F472166-361D-4D45-84C9-72B8566D03A2}.Ad-Hoc|x86.Build.0 = Release|Any CPU
		{5F472166-361D-4D45-84C9-72B8566D03A2}.AppStore|Any CPU.ActiveCfg = Release|Any CPU
		{5F472166-361D-4D45-84C9-72B8566D03A2}.AppStore|Any CPU.Build.0 = Release|Any CPU
		{5F472166-361D-4D45-84C9-72B8566D03A2}.AppStore|ARM.ActiveCfg = Release|Any CPU
		{5F472166-361D-4D45-84C9-72B8566D03A2}.AppStore|ARM.Build.0 = Release|Any CPU
		{5F472166-361D-4D45-84C9-72B8566D03A2}.AppStore|iPhone.ActiveCfg = Release|Any CPU
		{5F472166-361D-4D45-84C9-72B8566D03A2}.AppStore|iPhone.Build.0 = Release|Any CPU
		{5F472166-361D-4D45-84C9-72B8566D03A2}.AppStore|iPhoneSimulator.ActiveCfg = Release|Any CPU
		{5F472166-361D-4D45-84C9-72B8566D03A2}.AppStore|iPhoneSimulator.Build.0 = Release|Any CPU
		{5F472166-361D-4D45-84C9-72B8566D03A2}.AppStore|x64.ActiveCfg = Release|Any CPU
		{5F472166-361D-4D45-84C9-72B8566D03A2}.AppStore|x64.Build.0 = Release|Any CPU
		{5F472166-361D-4D45-84C9-72B8566D03A2}.AppStore|x86.ActiveCfg = Release|Any CPU
		{5F472166-361D-4D45-84C9-72B8566D03A2}.AppStore|x86.Build.0 = Release|Any CPU
		{5F472166-361D-4D45-84C9-72B8566D03A2}.Debug|Any CPU.ActiveCfg = Debug|Any CPU
		{5F472166-361D-4D45-84C9-72B8566D03A2}.Debug|Any CPU.Build.0 = Debug|Any CPU
		{5F472166-361D-4D45-84C9-72B8566D03A2}.Debug|ARM.ActiveCfg = Debug|Any CPU
		{5F472166-361D-4D45-84C9-72B8566D03A2}.Debug|ARM.Build.0 = Debug|Any CPU
		{5F472166-361D-4D45-84C9-72B8566D03A2}.Debug|iPhone.ActiveCfg = Debug|Any CPU
		{5F472166-361D-4D45-84C9-72B8566D03A2}.Debug|iPhone.Build.0 = Debug|Any CPU
		{5F472166-361D-4D45-84C9-72B8566D03A2}.Debug|iPhoneSimulator.ActiveCfg = Debug|Any CPU
		{5F472166-361D-4D45-84C9-72B8566D03A2}.Debug|iPhoneSimulator.Build.0 = Debug|Any CPU
		{5F472166-361D-4D45-84C9-72B8566D03A2}.Debug|x64.ActiveCfg = Debug|Any CPU
		{5F472166-361D-4D45-84C9-72B8566D03A2}.Debug|x64.Build.0 = Debug|Any CPU
		{5F472166-361D-4D45-84C9-72B8566D03A2}.Debug|x86.ActiveCfg = Debug|Any CPU
		{5F472166-361D-4D45-84C9-72B8566D03A2}.Debug|x86.Build.0 = Debug|Any CPU
		{5F472166-361D-4D45-84C9-72B8566D03A2}.Release|Any CPU.ActiveCfg = Release|Any CPU
		{5F472166-361D-4D45-84C9-72B8566D03A2}.Release|Any CPU.Build.0 = Release|Any CPU
		{5F472166-361D-4D45-84C9-72B8566D03A2}.Release|ARM.ActiveCfg = Release|Any CPU
		{5F472166-361D-4D45-84C9-72B8566D03A2}.Release|ARM.Build.0 = Release|Any CPU
		{5F472166-361D-4D45-84C9-72B8566D03A2}.Release|iPhone.ActiveCfg = Release|Any CPU
		{5F472166-361D-4D45-84C9-72B8566D03A2}.Release|iPhone.Build.0 = Release|Any CPU
		{5F472166-361D-4D45-84C9-72B8566D03A2}.Release|iPhoneSimulator.ActiveCfg = Release|Any CPU
		{5F472166-361D-4D45-84C9-72B8566D03A2}.Release|iPhoneSimulator.Build.0 = Release|Any CPU
		{5F472166-361D-4D45-84C9-72B8566D03A2}.Release|x64.ActiveCfg = Release|Any CPU
		{5F472166-361D-4D45-84C9-72B8566D03A2}.Release|x64.Build.0 = Release|Any CPU
		{5F472166-361D-4D45-84C9-72B8566D03A2}.Release|x86.ActiveCfg = Release|Any CPU
		{5F472166-361D-4D45-84C9-72B8566D03A2}.Release|x86.Build.0 = Release|Any CPU
		{EA0F677E-5573-403D-BAF0-1209CB4045DC}.Ad-Hoc|Any CPU.ActiveCfg = Release|Any CPU
		{EA0F677E-5573-403D-BAF0-1209CB4045DC}.Ad-Hoc|Any CPU.Build.0 = Release|Any CPU
		{EA0F677E-5573-403D-BAF0-1209CB4045DC}.Ad-Hoc|Any CPU.Deploy.0 = Release|Any CPU
		{EA0F677E-5573-403D-BAF0-1209CB4045DC}.Ad-Hoc|ARM.ActiveCfg = Release|Any CPU
		{EA0F677E-5573-403D-BAF0-1209CB4045DC}.Ad-Hoc|ARM.Build.0 = Release|Any CPU
		{EA0F677E-5573-403D-BAF0-1209CB4045DC}.Ad-Hoc|ARM.Deploy.0 = Release|Any CPU
		{EA0F677E-5573-403D-BAF0-1209CB4045DC}.Ad-Hoc|iPhone.ActiveCfg = Release|Any CPU
		{EA0F677E-5573-403D-BAF0-1209CB4045DC}.Ad-Hoc|iPhone.Build.0 = Release|Any CPU
		{EA0F677E-5573-403D-BAF0-1209CB4045DC}.Ad-Hoc|iPhone.Deploy.0 = Release|Any CPU
		{EA0F677E-5573-403D-BAF0-1209CB4045DC}.Ad-Hoc|iPhoneSimulator.ActiveCfg = Release|Any CPU
		{EA0F677E-5573-403D-BAF0-1209CB4045DC}.Ad-Hoc|iPhoneSimulator.Build.0 = Release|Any CPU
		{EA0F677E-5573-403D-BAF0-1209CB4045DC}.Ad-Hoc|iPhoneSimulator.Deploy.0 = Release|Any CPU
		{EA0F677E-5573-403D-BAF0-1209CB4045DC}.Ad-Hoc|x64.ActiveCfg = Release|Any CPU
		{EA0F677E-5573-403D-BAF0-1209CB4045DC}.Ad-Hoc|x64.Build.0 = Release|Any CPU
		{EA0F677E-5573-403D-BAF0-1209CB4045DC}.Ad-Hoc|x64.Deploy.0 = Release|Any CPU
		{EA0F677E-5573-403D-BAF0-1209CB4045DC}.Ad-Hoc|x86.ActiveCfg = Release|Any CPU
		{EA0F677E-5573-403D-BAF0-1209CB4045DC}.Ad-Hoc|x86.Build.0 = Release|Any CPU
		{EA0F677E-5573-403D-BAF0-1209CB4045DC}.Ad-Hoc|x86.Deploy.0 = Release|Any CPU
		{EA0F677E-5573-403D-BAF0-1209CB4045DC}.AppStore|Any CPU.ActiveCfg = Release|Any CPU
		{EA0F677E-5573-403D-BAF0-1209CB4045DC}.AppStore|Any CPU.Build.0 = Release|Any CPU
		{EA0F677E-5573-403D-BAF0-1209CB4045DC}.AppStore|Any CPU.Deploy.0 = Release|Any CPU
		{EA0F677E-5573-403D-BAF0-1209CB4045DC}.AppStore|ARM.ActiveCfg = Release|Any CPU
		{EA0F677E-5573-403D-BAF0-1209CB4045DC}.AppStore|ARM.Build.0 = Release|Any CPU
		{EA0F677E-5573-403D-BAF0-1209CB4045DC}.AppStore|ARM.Deploy.0 = Release|Any CPU
		{EA0F677E-5573-403D-BAF0-1209CB4045DC}.AppStore|iPhone.ActiveCfg = Release|Any CPU
		{EA0F677E-5573-403D-BAF0-1209CB4045DC}.AppStore|iPhone.Build.0 = Release|Any CPU
		{EA0F677E-5573-403D-BAF0-1209CB4045DC}.AppStore|iPhone.Deploy.0 = Release|Any CPU
		{EA0F677E-5573-403D-BAF0-1209CB4045DC}.AppStore|iPhoneSimulator.ActiveCfg = Release|Any CPU
		{EA0F677E-5573-403D-BAF0-1209CB4045DC}.AppStore|iPhoneSimulator.Build.0 = Release|Any CPU
		{EA0F677E-5573-403D-BAF0-1209CB4045DC}.AppStore|iPhoneSimulator.Deploy.0 = Release|Any CPU
		{EA0F677E-5573-403D-BAF0-1209CB4045DC}.AppStore|x64.ActiveCfg = Release|Any CPU
		{EA0F677E-5573-403D-BAF0-1209CB4045DC}.AppStore|x64.Build.0 = Release|Any CPU
		{EA0F677E-5573-403D-BAF0-1209CB4045DC}.AppStore|x64.Deploy.0 = Release|Any CPU
		{EA0F677E-5573-403D-BAF0-1209CB4045DC}.AppStore|x86.ActiveCfg = Release|Any CPU
		{EA0F677E-5573-403D-BAF0-1209CB4045DC}.AppStore|x86.Build.0 = Release|Any CPU
		{EA0F677E-5573-403D-BAF0-1209CB4045DC}.AppStore|x86.Deploy.0 = Release|Any CPU
		{EA0F677E-5573-403D-BAF0-1209CB4045DC}.Debug|Any CPU.ActiveCfg = Debug|Any CPU
		{EA0F677E-5573-403D-BAF0-1209CB4045DC}.Debug|Any CPU.Build.0 = Debug|Any CPU
		{EA0F677E-5573-403D-BAF0-1209CB4045DC}.Debug|Any CPU.Deploy.0 = Debug|Any CPU
		{EA0F677E-5573-403D-BAF0-1209CB4045DC}.Debug|ARM.ActiveCfg = Debug|Any CPU
		{EA0F677E-5573-403D-BAF0-1209CB4045DC}.Debug|ARM.Build.0 = Debug|Any CPU
		{EA0F677E-5573-403D-BAF0-1209CB4045DC}.Debug|ARM.Deploy.0 = Debug|Any CPU
		{EA0F677E-5573-403D-BAF0-1209CB4045DC}.Debug|iPhone.ActiveCfg = Debug|Any CPU
		{EA0F677E-5573-403D-BAF0-1209CB4045DC}.Debug|iPhone.Build.0 = Debug|Any CPU
		{EA0F677E-5573-403D-BAF0-1209CB4045DC}.Debug|iPhone.Deploy.0 = Debug|Any CPU
		{EA0F677E-5573-403D-BAF0-1209CB4045DC}.Debug|iPhoneSimulator.ActiveCfg = Debug|Any CPU
		{EA0F677E-5573-403D-BAF0-1209CB4045DC}.Debug|iPhoneSimulator.Build.0 = Debug|Any CPU
		{EA0F677E-5573-403D-BAF0-1209CB4045DC}.Debug|iPhoneSimulator.Deploy.0 = Debug|Any CPU
		{EA0F677E-5573-403D-BAF0-1209CB4045DC}.Debug|x64.ActiveCfg = Debug|Any CPU
		{EA0F677E-5573-403D-BAF0-1209CB4045DC}.Debug|x64.Build.0 = Debug|Any CPU
		{EA0F677E-5573-403D-BAF0-1209CB4045DC}.Debug|x64.Deploy.0 = Debug|Any CPU
		{EA0F677E-5573-403D-BAF0-1209CB4045DC}.Debug|x86.ActiveCfg = Debug|Any CPU
		{EA0F677E-5573-403D-BAF0-1209CB4045DC}.Debug|x86.Build.0 = Debug|Any CPU
		{EA0F677E-5573-403D-BAF0-1209CB4045DC}.Debug|x86.Deploy.0 = Debug|Any CPU
		{EA0F677E-5573-403D-BAF0-1209CB4045DC}.Release|Any CPU.ActiveCfg = Release|Any CPU
		{EA0F677E-5573-403D-BAF0-1209CB4045DC}.Release|Any CPU.Build.0 = Release|Any CPU
		{EA0F677E-5573-403D-BAF0-1209CB4045DC}.Release|Any CPU.Deploy.0 = Release|Any CPU
		{EA0F677E-5573-403D-BAF0-1209CB4045DC}.Release|ARM.ActiveCfg = Release|Any CPU
		{EA0F677E-5573-403D-BAF0-1209CB4045DC}.Release|ARM.Build.0 = Release|Any CPU
		{EA0F677E-5573-403D-BAF0-1209CB4045DC}.Release|ARM.Deploy.0 = Release|Any CPU
		{EA0F677E-5573-403D-BAF0-1209CB4045DC}.Release|iPhone.ActiveCfg = Release|Any CPU
		{EA0F677E-5573-403D-BAF0-1209CB4045DC}.Release|iPhone.Build.0 = Release|Any CPU
		{EA0F677E-5573-403D-BAF0-1209CB4045DC}.Release|iPhone.Deploy.0 = Release|Any CPU
		{EA0F677E-5573-403D-BAF0-1209CB4045DC}.Release|iPhoneSimulator.ActiveCfg = Release|Any CPU
		{EA0F677E-5573-403D-BAF0-1209CB4045DC}.Release|iPhoneSimulator.Build.0 = Release|Any CPU
		{EA0F677E-5573-403D-BAF0-1209CB4045DC}.Release|iPhoneSimulator.Deploy.0 = Release|Any CPU
		{EA0F677E-5573-403D-BAF0-1209CB4045DC}.Release|x64.ActiveCfg = Release|Any CPU
		{EA0F677E-5573-403D-BAF0-1209CB4045DC}.Release|x64.Build.0 = Release|Any CPU
		{EA0F677E-5573-403D-BAF0-1209CB4045DC}.Release|x64.Deploy.0 = Release|Any CPU
		{EA0F677E-5573-403D-BAF0-1209CB4045DC}.Release|x86.ActiveCfg = Release|Any CPU
		{EA0F677E-5573-403D-BAF0-1209CB4045DC}.Release|x86.Build.0 = Release|Any CPU
		{EA0F677E-5573-403D-BAF0-1209CB4045DC}.Release|x86.Deploy.0 = Release|Any CPU
		{0EDC1530-A248-4450-BAB4-46EF6CDDA829}.Ad-Hoc|Any CPU.ActiveCfg = Ad-Hoc|iPhone
		{0EDC1530-A248-4450-BAB4-46EF6CDDA829}.Ad-Hoc|ARM.ActiveCfg = Ad-Hoc|iPhone
		{0EDC1530-A248-4450-BAB4-46EF6CDDA829}.Ad-Hoc|iPhone.ActiveCfg = Ad-Hoc|iPhone
		{0EDC1530-A248-4450-BAB4-46EF6CDDA829}.Ad-Hoc|iPhone.Build.0 = Ad-Hoc|iPhone
		{0EDC1530-A248-4450-BAB4-46EF6CDDA829}.Ad-Hoc|iPhoneSimulator.ActiveCfg = Ad-Hoc|iPhoneSimulator
		{0EDC1530-A248-4450-BAB4-46EF6CDDA829}.Ad-Hoc|iPhoneSimulator.Build.0 = Ad-Hoc|iPhoneSimulator
		{0EDC1530-A248-4450-BAB4-46EF6CDDA829}.Ad-Hoc|x64.ActiveCfg = Ad-Hoc|iPhone
		{0EDC1530-A248-4450-BAB4-46EF6CDDA829}.Ad-Hoc|x86.ActiveCfg = Ad-Hoc|iPhone
		{0EDC1530-A248-4450-BAB4-46EF6CDDA829}.AppStore|Any CPU.ActiveCfg = AppStore|iPhone
		{0EDC1530-A248-4450-BAB4-46EF6CDDA829}.AppStore|ARM.ActiveCfg = AppStore|iPhone
		{0EDC1530-A248-4450-BAB4-46EF6CDDA829}.AppStore|iPhone.ActiveCfg = AppStore|iPhone
		{0EDC1530-A248-4450-BAB4-46EF6CDDA829}.AppStore|iPhone.Build.0 = AppStore|iPhone
		{0EDC1530-A248-4450-BAB4-46EF6CDDA829}.AppStore|iPhoneSimulator.ActiveCfg = AppStore|iPhoneSimulator
		{0EDC1530-A248-4450-BAB4-46EF6CDDA829}.AppStore|iPhoneSimulator.Build.0 = AppStore|iPhoneSimulator
		{0EDC1530-A248-4450-BAB4-46EF6CDDA829}.AppStore|x64.ActiveCfg = AppStore|iPhone
		{0EDC1530-A248-4450-BAB4-46EF6CDDA829}.AppStore|x86.ActiveCfg = AppStore|iPhone
		{0EDC1530-A248-4450-BAB4-46EF6CDDA829}.Debug|Any CPU.ActiveCfg = Debug|iPhone
		{0EDC1530-A248-4450-BAB4-46EF6CDDA829}.Debug|ARM.ActiveCfg = Debug|iPhone
		{0EDC1530-A248-4450-BAB4-46EF6CDDA829}.Debug|iPhone.ActiveCfg = Debug|iPhone
		{0EDC1530-A248-4450-BAB4-46EF6CDDA829}.Debug|iPhone.Build.0 = Debug|iPhone
		{0EDC1530-A248-4450-BAB4-46EF6CDDA829}.Debug|iPhoneSimulator.ActiveCfg = Debug|iPhoneSimulator
		{0EDC1530-A248-4450-BAB4-46EF6CDDA829}.Debug|iPhoneSimulator.Build.0 = Debug|iPhoneSimulator
		{0EDC1530-A248-4450-BAB4-46EF6CDDA829}.Debug|x64.ActiveCfg = Debug|iPhone
		{0EDC1530-A248-4450-BAB4-46EF6CDDA829}.Debug|x86.ActiveCfg = Debug|iPhone
		{0EDC1530-A248-4450-BAB4-46EF6CDDA829}.Release|Any CPU.ActiveCfg = Release|iPhone
		{0EDC1530-A248-4450-BAB4-46EF6CDDA829}.Release|ARM.ActiveCfg = Release|iPhone
		{0EDC1530-A248-4450-BAB4-46EF6CDDA829}.Release|iPhone.ActiveCfg = Release|iPhone
		{0EDC1530-A248-4450-BAB4-46EF6CDDA829}.Release|iPhone.Build.0 = Release|iPhone
		{0EDC1530-A248-4450-BAB4-46EF6CDDA829}.Release|iPhoneSimulator.ActiveCfg = Release|iPhoneSimulator
		{0EDC1530-A248-4450-BAB4-46EF6CDDA829}.Release|iPhoneSimulator.Build.0 = Release|iPhoneSimulator
		{0EDC1530-A248-4450-BAB4-46EF6CDDA829}.Release|x64.ActiveCfg = Release|iPhone
		{0EDC1530-A248-4450-BAB4-46EF6CDDA829}.Release|x86.ActiveCfg = Release|iPhone
		{3750FD93-617B-4A6A-B0B0-540D002AD3D4}.Ad-Hoc|Any CPU.ActiveCfg = Release|x64
		{3750FD93-617B-4A6A-B0B0-540D002AD3D4}.Ad-Hoc|Any CPU.Build.0 = Release|x64
		{3750FD93-617B-4A6A-B0B0-540D002AD3D4}.Ad-Hoc|Any CPU.Deploy.0 = Release|x64
		{3750FD93-617B-4A6A-B0B0-540D002AD3D4}.Ad-Hoc|ARM.ActiveCfg = Release|ARM
		{3750FD93-617B-4A6A-B0B0-540D002AD3D4}.Ad-Hoc|ARM.Build.0 = Release|ARM
		{3750FD93-617B-4A6A-B0B0-540D002AD3D4}.Ad-Hoc|ARM.Deploy.0 = Release|ARM
		{3750FD93-617B-4A6A-B0B0-540D002AD3D4}.Ad-Hoc|iPhone.ActiveCfg = Release|x64
		{3750FD93-617B-4A6A-B0B0-540D002AD3D4}.Ad-Hoc|iPhone.Build.0 = Release|x64
		{3750FD93-617B-4A6A-B0B0-540D002AD3D4}.Ad-Hoc|iPhone.Deploy.0 = Release|x64
		{3750FD93-617B-4A6A-B0B0-540D002AD3D4}.Ad-Hoc|iPhoneSimulator.ActiveCfg = Release|x64
		{3750FD93-617B-4A6A-B0B0-540D002AD3D4}.Ad-Hoc|iPhoneSimulator.Build.0 = Release|x64
		{3750FD93-617B-4A6A-B0B0-540D002AD3D4}.Ad-Hoc|iPhoneSimulator.Deploy.0 = Release|x64
		{3750FD93-617B-4A6A-B0B0-540D002AD3D4}.Ad-Hoc|x64.ActiveCfg = Release|x64
		{3750FD93-617B-4A6A-B0B0-540D002AD3D4}.Ad-Hoc|x64.Build.0 = Release|x64
		{3750FD93-617B-4A6A-B0B0-540D002AD3D4}.Ad-Hoc|x64.Deploy.0 = Release|x64
		{3750FD93-617B-4A6A-B0B0-540D002AD3D4}.Ad-Hoc|x86.ActiveCfg = Release|x86
		{3750FD93-617B-4A6A-B0B0-540D002AD3D4}.Ad-Hoc|x86.Build.0 = Release|x86
		{3750FD93-617B-4A6A-B0B0-540D002AD3D4}.Ad-Hoc|x86.Deploy.0 = Release|x86
		{3750FD93-617B-4A6A-B0B0-540D002AD3D4}.AppStore|Any CPU.ActiveCfg = Release|x64
		{3750FD93-617B-4A6A-B0B0-540D002AD3D4}.AppStore|Any CPU.Build.0 = Release|x64
		{3750FD93-617B-4A6A-B0B0-540D002AD3D4}.AppStore|Any CPU.Deploy.0 = Release|x64
		{3750FD93-617B-4A6A-B0B0-540D002AD3D4}.AppStore|ARM.ActiveCfg = Release|ARM
		{3750FD93-617B-4A6A-B0B0-540D002AD3D4}.AppStore|ARM.Build.0 = Release|ARM
		{3750FD93-617B-4A6A-B0B0-540D002AD3D4}.AppStore|ARM.Deploy.0 = Release|ARM
		{3750FD93-617B-4A6A-B0B0-540D002AD3D4}.AppStore|iPhone.ActiveCfg = Release|x64
		{3750FD93-617B-4A6A-B0B0-540D002AD3D4}.AppStore|iPhone.Build.0 = Release|x64
		{3750FD93-617B-4A6A-B0B0-540D002AD3D4}.AppStore|iPhone.Deploy.0 = Release|x64
		{3750FD93-617B-4A6A-B0B0-540D002AD3D4}.AppStore|iPhoneSimulator.ActiveCfg = Release|x64
		{3750FD93-617B-4A6A-B0B0-540D002AD3D4}.AppStore|iPhoneSimulator.Build.0 = Release|x64
		{3750FD93-617B-4A6A-B0B0-540D002AD3D4}.AppStore|iPhoneSimulator.Deploy.0 = Release|x64
		{3750FD93-617B-4A6A-B0B0-540D002AD3D4}.AppStore|x64.ActiveCfg = Release|x64
		{3750FD93-617B-4A6A-B0B0-540D002AD3D4}.AppStore|x64.Build.0 = Release|x64
		{3750FD93-617B-4A6A-B0B0-540D002AD3D4}.AppStore|x64.Deploy.0 = Release|x64
		{3750FD93-617B-4A6A-B0B0-540D002AD3D4}.AppStore|x86.ActiveCfg = Release|x86
		{3750FD93-617B-4A6A-B0B0-540D002AD3D4}.AppStore|x86.Build.0 = Release|x86
		{3750FD93-617B-4A6A-B0B0-540D002AD3D4}.AppStore|x86.Deploy.0 = Release|x86
		{3750FD93-617B-4A6A-B0B0-540D002AD3D4}.Debug|Any CPU.ActiveCfg = Debug|x86
		{3750FD93-617B-4A6A-B0B0-540D002AD3D4}.Debug|ARM.ActiveCfg = Debug|ARM
		{3750FD93-617B-4A6A-B0B0-540D002AD3D4}.Debug|ARM.Build.0 = Debug|ARM
		{3750FD93-617B-4A6A-B0B0-540D002AD3D4}.Debug|ARM.Deploy.0 = Debug|ARM
		{3750FD93-617B-4A6A-B0B0-540D002AD3D4}.Debug|iPhone.ActiveCfg = Debug|x86
		{3750FD93-617B-4A6A-B0B0-540D002AD3D4}.Debug|iPhoneSimulator.ActiveCfg = Debug|x86
		{3750FD93-617B-4A6A-B0B0-540D002AD3D4}.Debug|x64.ActiveCfg = Debug|x64
		{3750FD93-617B-4A6A-B0B0-540D002AD3D4}.Debug|x64.Build.0 = Debug|x64
		{3750FD93-617B-4A6A-B0B0-540D002AD3D4}.Debug|x64.Deploy.0 = Debug|x64
		{3750FD93-617B-4A6A-B0B0-540D002AD3D4}.Debug|x86.ActiveCfg = Debug|x86
		{3750FD93-617B-4A6A-B0B0-540D002AD3D4}.Debug|x86.Build.0 = Debug|x86
		{3750FD93-617B-4A6A-B0B0-540D002AD3D4}.Debug|x86.Deploy.0 = Debug|x86
		{3750FD93-617B-4A6A-B0B0-540D002AD3D4}.Release|Any CPU.ActiveCfg = Release|x86
		{3750FD93-617B-4A6A-B0B0-540D002AD3D4}.Release|ARM.ActiveCfg = Release|ARM
		{3750FD93-617B-4A6A-B0B0-540D002AD3D4}.Release|ARM.Build.0 = Release|ARM
		{3750FD93-617B-4A6A-B0B0-540D002AD3D4}.Release|ARM.Deploy.0 = Release|ARM
		{3750FD93-617B-4A6A-B0B0-540D002AD3D4}.Release|iPhone.ActiveCfg = Release|x86
		{3750FD93-617B-4A6A-B0B0-540D002AD3D4}.Release|iPhoneSimulator.ActiveCfg = Release|x86
		{3750FD93-617B-4A6A-B0B0-540D002AD3D4}.Release|x64.ActiveCfg = Release|x64
		{3750FD93-617B-4A6A-B0B0-540D002AD3D4}.Release|x64.Build.0 = Release|x64
		{3750FD93-617B-4A6A-B0B0-540D002AD3D4}.Release|x64.Deploy.0 = Release|x64
		{3750FD93-617B-4A6A-B0B0-540D002AD3D4}.Release|x86.ActiveCfg = Release|x86
		{3750FD93-617B-4A6A-B0B0-540D002AD3D4}.Release|x86.Build.0 = Release|x86
		{3750FD93-617B-4A6A-B0B0-540D002AD3D4}.Release|x86.Deploy.0 = Release|x86
		{861569F7-5174-4042-ABBC-331E29AA3CA9}.Ad-Hoc|Any CPU.ActiveCfg = Debug|Any CPU
		{861569F7-5174-4042-ABBC-331E29AA3CA9}.Ad-Hoc|Any CPU.Build.0 = Debug|Any CPU
		{861569F7-5174-4042-ABBC-331E29AA3CA9}.Ad-Hoc|ARM.ActiveCfg = Debug|Any CPU
		{861569F7-5174-4042-ABBC-331E29AA3CA9}.Ad-Hoc|ARM.Build.0 = Debug|Any CPU
		{861569F7-5174-4042-ABBC-331E29AA3CA9}.Ad-Hoc|iPhone.ActiveCfg = Debug|Any CPU
		{861569F7-5174-4042-ABBC-331E29AA3CA9}.Ad-Hoc|iPhone.Build.0 = Debug|Any CPU
		{861569F7-5174-4042-ABBC-331E29AA3CA9}.Ad-Hoc|iPhoneSimulator.ActiveCfg = Debug|Any CPU
		{861569F7-5174-4042-ABBC-331E29AA3CA9}.Ad-Hoc|iPhoneSimulator.Build.0 = Debug|Any CPU
		{861569F7-5174-4042-ABBC-331E29AA3CA9}.Ad-Hoc|x64.ActiveCfg = Debug|Any CPU
		{861569F7-5174-4042-ABBC-331E29AA3CA9}.Ad-Hoc|x64.Build.0 = Debug|Any CPU
		{861569F7-5174-4042-ABBC-331E29AA3CA9}.Ad-Hoc|x86.ActiveCfg = Debug|Any CPU
		{861569F7-5174-4042-ABBC-331E29AA3CA9}.Ad-Hoc|x86.Build.0 = Debug|Any CPU
		{861569F7-5174-4042-ABBC-331E29AA3CA9}.AppStore|Any CPU.ActiveCfg = Debug|Any CPU
		{861569F7-5174-4042-ABBC-331E29AA3CA9}.AppStore|Any CPU.Build.0 = Debug|Any CPU
		{861569F7-5174-4042-ABBC-331E29AA3CA9}.AppStore|ARM.ActiveCfg = Debug|Any CPU
		{861569F7-5174-4042-ABBC-331E29AA3CA9}.AppStore|ARM.Build.0 = Debug|Any CPU
		{861569F7-5174-4042-ABBC-331E29AA3CA9}.AppStore|iPhone.ActiveCfg = Debug|Any CPU
		{861569F7-5174-4042-ABBC-331E29AA3CA9}.AppStore|iPhone.Build.0 = Debug|Any CPU
		{861569F7-5174-4042-ABBC-331E29AA3CA9}.AppStore|iPhoneSimulator.ActiveCfg = Debug|Any CPU
		{861569F7-5174-4042-ABBC-331E29AA3CA9}.AppStore|iPhoneSimulator.Build.0 = Debug|Any CPU
		{861569F7-5174-4042-ABBC-331E29AA3CA9}.AppStore|x64.ActiveCfg = Debug|Any CPU
		{861569F7-5174-4042-ABBC-331E29AA3CA9}.AppStore|x64.Build.0 = Debug|Any CPU
		{861569F7-5174-4042-ABBC-331E29AA3CA9}.AppStore|x86.ActiveCfg = Debug|Any CPU
		{861569F7-5174-4042-ABBC-331E29AA3CA9}.AppStore|x86.Build.0 = Debug|Any CPU
		{861569F7-5174-4042-ABBC-331E29AA3CA9}.Debug|Any CPU.ActiveCfg = Debug|Any CPU
		{861569F7-5174-4042-ABBC-331E29AA3CA9}.Debug|Any CPU.Build.0 = Debug|Any CPU
		{861569F7-5174-4042-ABBC-331E29AA3CA9}.Debug|ARM.ActiveCfg = Debug|Any CPU
		{861569F7-5174-4042-ABBC-331E29AA3CA9}.Debug|ARM.Build.0 = Debug|Any CPU
		{861569F7-5174-4042-ABBC-331E29AA3CA9}.Debug|iPhone.ActiveCfg = Debug|Any CPU
		{861569F7-5174-4042-ABBC-331E29AA3CA9}.Debug|iPhone.Build.0 = Debug|Any CPU
		{861569F7-5174-4042-ABBC-331E29AA3CA9}.Debug|iPhoneSimulator.ActiveCfg = Debug|Any CPU
		{861569F7-5174-4042-ABBC-331E29AA3CA9}.Debug|iPhoneSimulator.Build.0 = Debug|Any CPU
		{861569F7-5174-4042-ABBC-331E29AA3CA9}.Debug|x64.ActiveCfg = Debug|Any CPU
		{861569F7-5174-4042-ABBC-331E29AA3CA9}.Debug|x64.Build.0 = Debug|Any CPU
		{861569F7-5174-4042-ABBC-331E29AA3CA9}.Debug|x86.ActiveCfg = Debug|Any CPU
		{861569F7-5174-4042-ABBC-331E29AA3CA9}.Debug|x86.Build.0 = Debug|Any CPU
		{861569F7-5174-4042-ABBC-331E29AA3CA9}.Release|Any CPU.ActiveCfg = Release|Any CPU
		{861569F7-5174-4042-ABBC-331E29AA3CA9}.Release|Any CPU.Build.0 = Release|Any CPU
		{861569F7-5174-4042-ABBC-331E29AA3CA9}.Release|ARM.ActiveCfg = Release|Any CPU
		{861569F7-5174-4042-ABBC-331E29AA3CA9}.Release|ARM.Build.0 = Release|Any CPU
		{861569F7-5174-4042-ABBC-331E29AA3CA9}.Release|iPhone.ActiveCfg = Release|Any CPU
		{861569F7-5174-4042-ABBC-331E29AA3CA9}.Release|iPhone.Build.0 = Release|Any CPU
		{861569F7-5174-4042-ABBC-331E29AA3CA9}.Release|iPhoneSimulator.ActiveCfg = Release|Any CPU
		{861569F7-5174-4042-ABBC-331E29AA3CA9}.Release|iPhoneSimulator.Build.0 = Release|Any CPU
		{861569F7-5174-4042-ABBC-331E29AA3CA9}.Release|x64.ActiveCfg = Release|Any CPU
		{861569F7-5174-4042-ABBC-331E29AA3CA9}.Release|x64.Build.0 = Release|Any CPU
		{861569F7-5174-4042-ABBC-331E29AA3CA9}.Release|x86.ActiveCfg = Release|Any CPU
		{861569F7-5174-4042-ABBC-331E29AA3CA9}.Release|x86.Build.0 = Release|Any CPU
	EndGlobalSection
	GlobalSection(SolutionProperties) = preSolution
		HideSolutionNode = FALSE
	EndGlobalSection
	GlobalSection(NestedProjects) = preSolution
		{3D56CB9D-0E9F-470C-AFE0-AA0031804A00} = {51B0C2C7-732B-4A5C-A4F2-55655D147866}
		{6279C845-92F8-4333-AB99-3D213163593C} = {3D56CB9D-0E9F-470C-AFE0-AA0031804A00}
		{EA0F677E-5573-403D-BAF0-1209CB4045DC} = {3D56CB9D-0E9F-470C-AFE0-AA0031804A00}
		{0EDC1530-A248-4450-BAB4-46EF6CDDA829} = {3D56CB9D-0E9F-470C-AFE0-AA0031804A00}
		{3750FD93-617B-4A6A-B0B0-540D002AD3D4} = {3D56CB9D-0E9F-470C-AFE0-AA0031804A00}
		{861569F7-5174-4042-ABBC-331E29AA3CA9} = {3D56CB9D-0E9F-470C-AFE0-AA0031804A00}
	EndGlobalSection
	GlobalSection(ExtensibilityGlobals) = postSolution
		SolutionGuid = {08D78153-5DD7-4C52-A348-46AA448B2CFC}
	EndGlobalSection
EndGlobal
